
Microsoft Visual Studio Solution File, Format Version 12.00
Project("{FAE04EC0-301F-11D3-BF4B-00C04F79EFBC}") = "Kafka.Consumer", "Kafka.Consumer\Kafka.Consumer.csproj", "{EF2FB61D-CF1F-4E72-B108-2A44D765449E}"
EndProject
Project("{FAE04EC0-301F-11D3-BF4B-00C04F79EFBC}") = "Kafka.Producer", "Kafka.Producer\Kafka.Producer.csproj", "{094E71D3-97ED-4BFF-8364-D3B08706C33C}"
EndProject
Project("{2150E333-8FDC-42A3-9474-1A3956D46DE8}") = "Solution Items", "Solution Items", "{B97E9705-BEC7-4197-8C26-51295430EC3B}"
	ProjectSection(SolutionItems) = preProject
		compose.yaml = compose.yaml
		compose-cluster.yaml = compose-cluster.yaml
	EndProjectSection
EndProject
Project("{FAE04EC0-301F-11D3-BF4B-00C04F79EFBC}") = "Kafka.ConsumerMultipleGroup", "Kafka.ConsumerMultipleGroup\Kafka.ConsumerMultipleGroup.csproj", "{16864587-E811-4608-B813-0AF0C3CC2979}"
EndProject
Project("{2150E333-8FDC-42A3-9474-1A3956D46DE8}") = "UseCase1", "UseCase1", "{F32BAEC4-1F35-47A4-8060-112E86A943D7}"
EndProject
Project("{2150E333-8FDC-42A3-9474-1A3956D46DE8}") = "UseCase2", "UseCase2", "{ECEBB138-1D11-4DD7-A225-637CA3851CEA}"
EndProject
Project("{FAE04EC0-301F-11D3-BF4B-00C04F79EFBC}") = "Kafka.UC2.Producer", "Kafka.UC2.Producer\Kafka.UC2.Producer.csproj", "{CCADFF2D-4B4F-4168-95E6-AEE4302B7635}"
EndProject
Project("{FAE04EC0-301F-11D3-BF4B-00C04F79EFBC}") = "Kafka.UC2.Consumer", "Kafka.UC2.Consumer\Kafka.UC2.Consumer.csproj", "{B8645A3A-22A3-4AE6-9F8D-F5227F53A0DE}"
EndProject
Project("{2150E333-8FDC-42A3-9474-1A3956D46DE8}") = "UseCase3", "UseCase3", "{F337C827-E8FF-492A-9DA8-3ABA52FCB46E}"
EndProject
Project("{FAE04EC0-301F-11D3-BF4B-00C04F79EFBC}") = "Kafka.UC3.Producer", "Kafka.UC3.Producer\Kafka.UC3.Producer.csproj", "{96122C80-931A-4679-B303-8AD0FACCA279}"
EndProject
Project("{FAE04EC0-301F-11D3-BF4B-00C04F79EFBC}") = "Kafka.UC3.Consumer", "Kafka.UC3.Consumer\Kafka.UC3.Consumer.csproj", "{68A0F124-3325-4B51-BD7F-6E26B83D4CF5}"
EndProject
Project("{2150E333-8FDC-42A3-9474-1A3956D46DE8}") = "UseCase3-Header", "UseCase3-Header", "{6D279305-ED90-4710-A0E6-B3AE20A0A030}"
EndProject
Project("{FAE04EC0-301F-11D3-BF4B-00C04F79EFBC}") = "Kafka.UC3.Header.Producer", "Kafka.UC3.Header.Producer\Kafka.UC3.Header.Producer.csproj", "{093BB427-FC46-4DEE-8BDE-C7A435FD9972}"
EndProject
Project("{FAE04EC0-301F-11D3-BF4B-00C04F79EFBC}") = "Kafka.UC3.Header.Consumer", "Kafka.UC3.Header.Consumer\Kafka.UC3.Header.Consumer.csproj", "{5C392BEA-114A-44CA-B814-534FC4A6B99C}"
EndProject
Project("{2150E333-8FDC-42A3-9474-1A3956D46DE8}") = "UseCase3-ComplexKey", "UseCase3-ComplexKey", "{E83586F9-6E0F-4404-824C-B27B2310979C}"
EndProject
Project("{FAE04EC0-301F-11D3-BF4B-00C04F79EFBC}") = "Kafka.UC3.ComplexKey.Producer", "Kafka.UC3.ComplexKey.Producer\Kafka.UC3.ComplexKey.Producer.csproj", "{B4728D3E-F501-426B-869C-5C7CF54B41C3}"
EndProject
Project("{FAE04EC0-301F-11D3-BF4B-00C04F79EFBC}") = "Kafka.UC3.ComplexKey.Consumer", "Kafka.UC3.ComplexKey.Consumer\Kafka.UC3.ComplexKey.Consumer.csproj", "{99DB2CEB-86D2-4F28-9E4D-977C303F6E0C}"
EndProject
Project("{2150E333-8FDC-42A3-9474-1A3956D46DE8}") = "UseCase3-Timestamp", "UseCase3-Timestamp", "{2C9DFC66-B2B2-4F00-8E5B-9165E37DE2CE}"
EndProject
Project("{FAE04EC0-301F-11D3-BF4B-00C04F79EFBC}") = "Kafka.UC3.Timestamp.Producer", "Kafka.UC3.Timestamp.Producer\Kafka.UC3.Timestamp.Producer.csproj", "{542E0D6D-4D2F-418B-8580-9473B18E3F9C}"
EndProject
Project("{FAE04EC0-301F-11D3-BF4B-00C04F79EFBC}") = "Kafka.UC3.Timestamp.Consumer", "Kafka.UC3.Timestamp.Consumer\Kafka.UC3.Timestamp.Consumer.csproj", "{FA199513-9B9E-45A4-9343-C32495348942}"
EndProject
Project("{2150E333-8FDC-42A3-9474-1A3956D46DE8}") = "UseCase4", "UseCase4", "{8CD375B3-7385-4547-AE29-69CF2C692D38}"
EndProject
Project("{FAE04EC0-301F-11D3-BF4B-00C04F79EFBC}") = "Kafka.UC4.Producer", "Kafka.UC4.Producer\Kafka.UC4.Producer.csproj", "{557BED00-0B54-4626-94A4-5B6B6E23BCF6}"
EndProject
Project("{FAE04EC0-301F-11D3-BF4B-00C04F79EFBC}") = "Kafka.UC4.Consumer", "Kafka.UC4.Consumer\Kafka.UC4.Consumer.csproj", "{F9AC4B7D-C8AC-42B6-B888-22BC296D0A48}"
EndProject
Project("{2150E333-8FDC-42A3-9474-1A3956D46DE8}") = "UseCase5", "UseCase5", "{6FCC50A2-29BE-434E-A96E-DAA39F5B488F}"
EndProject
Project("{FAE04EC0-301F-11D3-BF4B-00C04F79EFBC}") = "Kafka.UC5.Producer", "Kafka.UC5.Producer\Kafka.UC5.Producer.csproj", "{ED123286-CD76-4C9A-BD8A-FDD14CBF32AA}"
EndProject
Project("{FAE04EC0-301F-11D3-BF4B-00C04F79EFBC}") = "Kafka.UC5.Consumer", "Kafka.UC5.Consumer\Kafka.UC5.Consumer.csproj", "{0A3439A6-C1D3-4AAE-97D4-3E0D80CB66EB}"
EndProject
Project("{2150E333-8FDC-42A3-9474-1A3956D46DE8}") = "Acknowledgement", "Acknowledgement", "{7EB8E780-6CFC-4672-BF73-2591A76DDDFC}"
EndProject
Project("{FAE04EC0-301F-11D3-BF4B-00C04F79EFBC}") = "Kafka.Ack.Producer", "Kafka.Ack.Producer\Kafka.Ack.Producer.csproj", "{B079EE5B-D3D3-4F6A-8793-2081B777B2A3}"
EndProject
Project("{FAE04EC0-301F-11D3-BF4B-00C04F79EFBC}") = "Kafka.Ack.Consumer", "Kafka.Ack.Consumer\Kafka.Ack.Consumer.csproj", "{E1A67057-C040-4E91-A8B1-6804796E3FE8}"
EndProject
Project("{FAE04EC0-301F-11D3-BF4B-00C04F79EFBC}") = "Kafka.Ack.Shared", "Kafka.Ack.Shared\Kafka.Ack.Shared.csproj", "{8AB640A5-3719-48F0-A25A-B49E0B0412FF}"
EndProject
Project("{2150E333-8FDC-42A3-9474-1A3956D46DE8}") = "KafkaCluster", "KafkaCluster", "{ABECD6B2-1CA9-4BE3-B1F8-CFAC0ECA5D27}"
EndProject
Project("{FAE04EC0-301F-11D3-BF4B-00C04F79EFBC}") = "Kafka.Cluster.Producer", "Kafka.Cluster.Producer\Kafka.Cluster.Producer.csproj", "{FC1A3356-97EF-4736-9DC2-13044F0A88BB}"
EndProject
Project("{FAE04EC0-301F-11D3-BF4B-00C04F79EFBC}") = "Kafka.Cluster.Consumer", "Kafka.Cluster.Consumer\Kafka.Cluster.Consumer.csproj", "{10B0B66E-FBD3-4103-8E0A-136F931953DB}"
EndProject
Global
	GlobalSection(SolutionConfigurationPlatforms) = preSolution
		Debug|Any CPU = Debug|Any CPU
		Release|Any CPU = Release|Any CPU
	EndGlobalSection
	GlobalSection(ProjectConfigurationPlatforms) = postSolution
		{EF2FB61D-CF1F-4E72-B108-2A44D765449E}.Debug|Any CPU.ActiveCfg = Debug|Any CPU
		{EF2FB61D-CF1F-4E72-B108-2A44D765449E}.Debug|Any CPU.Build.0 = Debug|Any CPU
		{EF2FB61D-CF1F-4E72-B108-2A44D765449E}.Release|Any CPU.ActiveCfg = Release|Any CPU
		{EF2FB61D-CF1F-4E72-B108-2A44D765449E}.Release|Any CPU.Build.0 = Release|Any CPU
		{094E71D3-97ED-4BFF-8364-D3B08706C33C}.Debug|Any CPU.ActiveCfg = Debug|Any CPU
		{094E71D3-97ED-4BFF-8364-D3B08706C33C}.Debug|Any CPU.Build.0 = Debug|Any CPU
		{094E71D3-97ED-4BFF-8364-D3B08706C33C}.Release|Any CPU.ActiveCfg = Release|Any CPU
		{094E71D3-97ED-4BFF-8364-D3B08706C33C}.Release|Any CPU.Build.0 = Release|Any CPU
		{16864587-E811-4608-B813-0AF0C3CC2979}.Debug|Any CPU.ActiveCfg = Debug|Any CPU
		{16864587-E811-4608-B813-0AF0C3CC2979}.Debug|Any CPU.Build.0 = Debug|Any CPU
		{16864587-E811-4608-B813-0AF0C3CC2979}.Release|Any CPU.ActiveCfg = Release|Any CPU
		{16864587-E811-4608-B813-0AF0C3CC2979}.Release|Any CPU.Build.0 = Release|Any CPU
		{CCADFF2D-4B4F-4168-95E6-AEE4302B7635}.Debug|Any CPU.ActiveCfg = Debug|Any CPU
		{CCADFF2D-4B4F-4168-95E6-AEE4302B7635}.Debug|Any CPU.Build.0 = Debug|Any CPU
		{CCADFF2D-4B4F-4168-95E6-AEE4302B7635}.Release|Any CPU.ActiveCfg = Release|Any CPU
		{CCADFF2D-4B4F-4168-95E6-AEE4302B7635}.Release|Any CPU.Build.0 = Release|Any CPU
		{B8645A3A-22A3-4AE6-9F8D-F5227F53A0DE}.Debug|Any CPU.ActiveCfg = Debug|Any CPU
		{B8645A3A-22A3-4AE6-9F8D-F5227F53A0DE}.Debug|Any CPU.Build.0 = Debug|Any CPU
		{B8645A3A-22A3-4AE6-9F8D-F5227F53A0DE}.Release|Any CPU.ActiveCfg = Release|Any CPU
		{B8645A3A-22A3-4AE6-9F8D-F5227F53A0DE}.Release|Any CPU.Build.0 = Release|Any CPU
		{96122C80-931A-4679-B303-8AD0FACCA279}.Debug|Any CPU.ActiveCfg = Debug|Any CPU
		{96122C80-931A-4679-B303-8AD0FACCA279}.Debug|Any CPU.Build.0 = Debug|Any CPU
		{96122C80-931A-4679-B303-8AD0FACCA279}.Release|Any CPU.ActiveCfg = Release|Any CPU
		{96122C80-931A-4679-B303-8AD0FACCA279}.Release|Any CPU.Build.0 = Release|Any CPU
		{68A0F124-3325-4B51-BD7F-6E26B83D4CF5}.Debug|Any CPU.ActiveCfg = Debug|Any CPU
		{68A0F124-3325-4B51-BD7F-6E26B83D4CF5}.Debug|Any CPU.Build.0 = Debug|Any CPU
		{68A0F124-3325-4B51-BD7F-6E26B83D4CF5}.Release|Any CPU.ActiveCfg = Release|Any CPU
		{68A0F124-3325-4B51-BD7F-6E26B83D4CF5}.Release|Any CPU.Build.0 = Release|Any CPU
		{093BB427-FC46-4DEE-8BDE-C7A435FD9972}.Debug|Any CPU.ActiveCfg = Debug|Any CPU
		{093BB427-FC46-4DEE-8BDE-C7A435FD9972}.Debug|Any CPU.Build.0 = Debug|Any CPU
		{093BB427-FC46-4DEE-8BDE-C7A435FD9972}.Release|Any CPU.ActiveCfg = Release|Any CPU
		{093BB427-FC46-4DEE-8BDE-C7A435FD9972}.Release|Any CPU.Build.0 = Release|Any CPU
		{5C392BEA-114A-44CA-B814-534FC4A6B99C}.Debug|Any CPU.ActiveCfg = Debug|Any CPU
		{5C392BEA-114A-44CA-B814-534FC4A6B99C}.Debug|Any CPU.Build.0 = Debug|Any CPU
		{5C392BEA-114A-44CA-B814-534FC4A6B99C}.Release|Any CPU.ActiveCfg = Release|Any CPU
		{5C392BEA-114A-44CA-B814-534FC4A6B99C}.Release|Any CPU.Build.0 = Release|Any CPU
		{B4728D3E-F501-426B-869C-5C7CF54B41C3}.Debug|Any CPU.ActiveCfg = Debug|Any CPU
		{B4728D3E-F501-426B-869C-5C7CF54B41C3}.Debug|Any CPU.Build.0 = Debug|Any CPU
		{B4728D3E-F501-426B-869C-5C7CF54B41C3}.Release|Any CPU.ActiveCfg = Release|Any CPU
		{B4728D3E-F501-426B-869C-5C7CF54B41C3}.Release|Any CPU.Build.0 = Release|Any CPU
		{99DB2CEB-86D2-4F28-9E4D-977C303F6E0C}.Debug|Any CPU.ActiveCfg = Debug|Any CPU
		{99DB2CEB-86D2-4F28-9E4D-977C303F6E0C}.Debug|Any CPU.Build.0 = Debug|Any CPU
		{99DB2CEB-86D2-4F28-9E4D-977C303F6E0C}.Release|Any CPU.ActiveCfg = Release|Any CPU
		{99DB2CEB-86D2-4F28-9E4D-977C303F6E0C}.Release|Any CPU.Build.0 = Release|Any CPU
		{542E0D6D-4D2F-418B-8580-9473B18E3F9C}.Debug|Any CPU.ActiveCfg = Debug|Any CPU
		{542E0D6D-4D2F-418B-8580-9473B18E3F9C}.Debug|Any CPU.Build.0 = Debug|Any CPU
		{542E0D6D-4D2F-418B-8580-9473B18E3F9C}.Release|Any CPU.ActiveCfg = Release|Any CPU
		{542E0D6D-4D2F-418B-8580-9473B18E3F9C}.Release|Any CPU.Build.0 = Release|Any CPU
		{FA199513-9B9E-45A4-9343-C32495348942}.Debug|Any CPU.ActiveCfg = Debug|Any CPU
		{FA199513-9B9E-45A4-9343-C32495348942}.Debug|Any CPU.Build.0 = Debug|Any CPU
		{FA199513-9B9E-45A4-9343-C32495348942}.Release|Any CPU.ActiveCfg = Release|Any CPU
		{FA199513-9B9E-45A4-9343-C32495348942}.Release|Any CPU.Build.0 = Release|Any CPU
		{557BED00-0B54-4626-94A4-5B6B6E23BCF6}.Debug|Any CPU.ActiveCfg = Debug|Any CPU
		{557BED00-0B54-4626-94A4-5B6B6E23BCF6}.Debug|Any CPU.Build.0 = Debug|Any CPU
		{557BED00-0B54-4626-94A4-5B6B6E23BCF6}.Release|Any CPU.ActiveCfg = Release|Any CPU
		{557BED00-0B54-4626-94A4-5B6B6E23BCF6}.Release|Any CPU.Build.0 = Release|Any CPU
		{F9AC4B7D-C8AC-42B6-B888-22BC296D0A48}.Debug|Any CPU.ActiveCfg = Debug|Any CPU
		{F9AC4B7D-C8AC-42B6-B888-22BC296D0A48}.Debug|Any CPU.Build.0 = Debug|Any CPU
		{F9AC4B7D-C8AC-42B6-B888-22BC296D0A48}.Release|Any CPU.ActiveCfg = Release|Any CPU
		{F9AC4B7D-C8AC-42B6-B888-22BC296D0A48}.Release|Any CPU.Build.0 = Release|Any CPU
		{ED123286-CD76-4C9A-BD8A-FDD14CBF32AA}.Debug|Any CPU.ActiveCfg = Debug|Any CPU
		{ED123286-CD76-4C9A-BD8A-FDD14CBF32AA}.Debug|Any CPU.Build.0 = Debug|Any CPU
		{ED123286-CD76-4C9A-BD8A-FDD14CBF32AA}.Release|Any CPU.ActiveCfg = Release|Any CPU
		{ED123286-CD76-4C9A-BD8A-FDD14CBF32AA}.Release|Any CPU.Build.0 = Release|Any CPU
		{0A3439A6-C1D3-4AAE-97D4-3E0D80CB66EB}.Debug|Any CPU.ActiveCfg = Debug|Any CPU
		{0A3439A6-C1D3-4AAE-97D4-3E0D80CB66EB}.Debug|Any CPU.Build.0 = Debug|Any CPU
		{0A3439A6-C1D3-4AAE-97D4-3E0D80CB66EB}.Release|Any CPU.ActiveCfg = Release|Any CPU
		{0A3439A6-C1D3-4AAE-97D4-3E0D80CB66EB}.Release|Any CPU.Build.0 = Release|Any CPU
		{B079EE5B-D3D3-4F6A-8793-2081B777B2A3}.Debug|Any CPU.ActiveCfg = Debug|Any CPU
		{B079EE5B-D3D3-4F6A-8793-2081B777B2A3}.Debug|Any CPU.Build.0 = Debug|Any CPU
		{B079EE5B-D3D3-4F6A-8793-2081B777B2A3}.Release|Any CPU.ActiveCfg = Release|Any CPU
		{B079EE5B-D3D3-4F6A-8793-2081B777B2A3}.Release|Any CPU.Build.0 = Release|Any CPU
		{E1A67057-C040-4E91-A8B1-6804796E3FE8}.Debug|Any CPU.ActiveCfg = Debug|Any CPU
		{E1A67057-C040-4E91-A8B1-6804796E3FE8}.Debug|Any CPU.Build.0 = Debug|Any CPU
		{E1A67057-C040-4E91-A8B1-6804796E3FE8}.Release|Any CPU.ActiveCfg = Release|Any CPU
		{E1A67057-C040-4E91-A8B1-6804796E3FE8}.Release|Any CPU.Build.0 = Release|Any CPU
		{8AB640A5-3719-48F0-A25A-B49E0B0412FF}.Debug|Any CPU.ActiveCfg = Debug|Any CPU
		{8AB640A5-3719-48F0-A25A-B49E0B0412FF}.Debug|Any CPU.Build.0 = Debug|Any CPU
		{8AB640A5-3719-48F0-A25A-B49E0B0412FF}.Release|Any CPU.ActiveCfg = Release|Any CPU
		{8AB640A5-3719-48F0-A25A-B49E0B0412FF}.Release|Any CPU.Build.0 = Release|Any CPU
		{FC1A3356-97EF-4736-9DC2-13044F0A88BB}.Debug|Any CPU.ActiveCfg = Debug|Any CPU
		{FC1A3356-97EF-4736-9DC2-13044F0A88BB}.Debug|Any CPU.Build.0 = Debug|Any CPU
		{FC1A3356-97EF-4736-9DC2-13044F0A88BB}.Release|Any CPU.ActiveCfg = Release|Any CPU
		{FC1A3356-97EF-4736-9DC2-13044F0A88BB}.Release|Any CPU.Build.0 = Release|Any CPU
		{10B0B66E-FBD3-4103-8E0A-136F931953DB}.Debug|Any CPU.ActiveCfg = Debug|Any CPU
		{10B0B66E-FBD3-4103-8E0A-136F931953DB}.Debug|Any CPU.Build.0 = Debug|Any CPU
		{10B0B66E-FBD3-4103-8E0A-136F931953DB}.Release|Any CPU.ActiveCfg = Release|Any CPU
		{10B0B66E-FBD3-4103-8E0A-136F931953DB}.Release|Any CPU.Build.0 = Release|Any CPU
	EndGlobalSection
	GlobalSection(NestedProjects) = preSolution
		{EF2FB61D-CF1F-4E72-B108-2A44D765449E} = {F32BAEC4-1F35-47A4-8060-112E86A943D7}
		{16864587-E811-4608-B813-0AF0C3CC2979} = {F32BAEC4-1F35-47A4-8060-112E86A943D7}
		{094E71D3-97ED-4BFF-8364-D3B08706C33C} = {F32BAEC4-1F35-47A4-8060-112E86A943D7}
		{CCADFF2D-4B4F-4168-95E6-AEE4302B7635} = {ECEBB138-1D11-4DD7-A225-637CA3851CEA}
		{B8645A3A-22A3-4AE6-9F8D-F5227F53A0DE} = {ECEBB138-1D11-4DD7-A225-637CA3851CEA}
		{96122C80-931A-4679-B303-8AD0FACCA279} = {F337C827-E8FF-492A-9DA8-3ABA52FCB46E}
		{68A0F124-3325-4B51-BD7F-6E26B83D4CF5} = {F337C827-E8FF-492A-9DA8-3ABA52FCB46E}
		{6D279305-ED90-4710-A0E6-B3AE20A0A030} = {F337C827-E8FF-492A-9DA8-3ABA52FCB46E}
		{093BB427-FC46-4DEE-8BDE-C7A435FD9972} = {6D279305-ED90-4710-A0E6-B3AE20A0A030}
		{5C392BEA-114A-44CA-B814-534FC4A6B99C} = {6D279305-ED90-4710-A0E6-B3AE20A0A030}
		{E83586F9-6E0F-4404-824C-B27B2310979C} = {F337C827-E8FF-492A-9DA8-3ABA52FCB46E}
		{B4728D3E-F501-426B-869C-5C7CF54B41C3} = {E83586F9-6E0F-4404-824C-B27B2310979C}
		{99DB2CEB-86D2-4F28-9E4D-977C303F6E0C} = {E83586F9-6E0F-4404-824C-B27B2310979C}
		{2C9DFC66-B2B2-4F00-8E5B-9165E37DE2CE} = {F337C827-E8FF-492A-9DA8-3ABA52FCB46E}
		{542E0D6D-4D2F-418B-8580-9473B18E3F9C} = {2C9DFC66-B2B2-4F00-8E5B-9165E37DE2CE}
		{FA199513-9B9E-45A4-9343-C32495348942} = {2C9DFC66-B2B2-4F00-8E5B-9165E37DE2CE}
		{557BED00-0B54-4626-94A4-5B6B6E23BCF6} = {8CD375B3-7385-4547-AE29-69CF2C692D38}
		{F9AC4B7D-C8AC-42B6-B888-22BC296D0A48} = {8CD375B3-7385-4547-AE29-69CF2C692D38}
		{ED123286-CD76-4C9A-BD8A-FDD14CBF32AA} = {6FCC50A2-29BE-434E-A96E-DAA39F5B488F}
		{0A3439A6-C1D3-4AAE-97D4-3E0D80CB66EB} = {6FCC50A2-29BE-434E-A96E-DAA39F5B488F}
		{B079EE5B-D3D3-4F6A-8793-2081B777B2A3} = {7EB8E780-6CFC-4672-BF73-2591A76DDDFC}
		{E1A67057-C040-4E91-A8B1-6804796E3FE8} = {7EB8E780-6CFC-4672-BF73-2591A76DDDFC}
		{8AB640A5-3719-48F0-A25A-B49E0B0412FF} = {7EB8E780-6CFC-4672-BF73-2591A76DDDFC}
		{FC1A3356-97EF-4736-9DC2-13044F0A88BB} = {ABECD6B2-1CA9-4BE3-B1F8-CFAC0ECA5D27}
		{10B0B66E-FBD3-4103-8E0A-136F931953DB} = {ABECD6B2-1CA9-4BE3-B1F8-CFAC0ECA5D27}
	EndGlobalSection
EndGlobal
